
Microsoft Visual Studio Solution File, Format Version 12.00
# Visual Studio Version 17
VisualStudioVersion = 17.14.36221.1 d17.14
MinimumVisualStudioVersion = 10.0.40219.1
Project("{FAE04EC0-301F-11D3-BF4B-00C04F79EFBC}") = "TaskWPF1_1_Clicker", "TaskWPF1_1_Clicker\TaskWPF1_1_Clicker.csproj", "{1F404312-E4A0-4D3D-8513-ACCAA62CAAF4}"
EndProject
Global
	GlobalSection(SolutionConfigurationPlatforms) = preSolution
		Debug|Any CPU = Debug|Any CPU
		Release|Any CPU = Release|Any CPU
	EndGlobalSection
	GlobalSection(ProjectConfigurationPlatforms) = postSolution
		{1F404312-E4A0-4D3D-8513-ACCAA62CAAF4}.Debug|Any CPU.ActiveCfg = Debug|Any CPU
		{1F404312-E4A0-4D3D-8513-ACCAA62CAAF4}.Debug|Any CPU.Build.0 = Debug|Any CPU
		{1F404312-E4A0-4D3D-8513-ACCAA62CAAF4}.Release|Any CPU.ActiveCfg = Release|Any CPU
		{1F404312-E4A0-4D3D-8513-ACCAA62CAAF4}.Release|Any CPU.Build.0 = Release|Any CPU
	EndGlobalSection
	GlobalSection(SolutionProperties) = preSolution
		HideSolutionNode = FALSE
	EndGlobalSection
	GlobalSection(ExtensibilityGlobals) = postSolution
		SolutionGuid = {F09F869A-CEF7-4BDB-BF84-3C6A9AC116B0}
	EndGlobalSection
EndGlobal
