
Microsoft Visual Studio Solution File, Format Version 12.00
# Visual Studio Version 17
VisualStudioVersion = 17.14.36221.1
MinimumVisualStudioVersion = 10.0.40219.1
Project("{FAE04EC0-301F-11D3-BF4B-00C04F79EFBC}") = "TaskWPF1_1_Clicker", "TaskWPF1_1_Clicker\TaskWPF1_1_Clicker.csproj", "{1F404312-E4A0-4D3D-8513-ACCAA62CAAF4}"
EndProject
Project("{FAE04EC0-301F-11D3-BF4B-00C04F79EFBC}") = "TaskWPF2_1_TextRedactor", "TaskWPF2_1_TextRedactor\TaskWPF2_1_TextRedactor.csproj", "{C829E2D4-7AB5-403D-817F-C19EE6907F47}"
EndProject
Project("{FAE04EC0-301F-11D3-BF4B-00C04F79EFBC}") = "TaskWPF1_2_TrafficLights", "TaskWPF1_2_TrafficLights\TaskWPF1_2_TrafficLights.csproj", "{5BFE272E-78EA-48D6-9B3A-DCFCD5BCF795}"
EndProject
Project("{FAE04EC0-301F-11D3-BF4B-00C04F79EFBC}") = "TaskWPF1_3_RunningButton", "TaskWPF1_3_RunningButton\TaskWPF1_3_RunningButton.csproj", "{0F28E7C7-16CD-4EAC-A367-91658D9B18ED}"
EndProject
Project("{FAE04EC0-301F-11D3-BF4B-00C04F79EFBC}") = "TaskWPF6_1_TextLength", "TaskWPF6_1_TextLength\TaskWPF6_1_TextLength.csproj", "{AAF164A2-9B47-45B1-BAB8-C9021138B847}"
EndProject
Global
	GlobalSection(SolutionConfigurationPlatforms) = preSolution
		Debug|Any CPU = Debug|Any CPU
		Release|Any CPU = Release|Any CPU
	EndGlobalSection
	GlobalSection(ProjectConfigurationPlatforms) = postSolution
		{1F404312-E4A0-4D3D-8513-ACCAA62CAAF4}.Debug|Any CPU.ActiveCfg = Debug|Any CPU
		{1F404312-E4A0-4D3D-8513-ACCAA62CAAF4}.Debug|Any CPU.Build.0 = Debug|Any CPU
		{1F404312-E4A0-4D3D-8513-ACCAA62CAAF4}.Release|Any CPU.ActiveCfg = Release|Any CPU
		{1F404312-E4A0-4D3D-8513-ACCAA62CAAF4}.Release|Any CPU.Build.0 = Release|Any CPU
		{C829E2D4-7AB5-403D-817F-C19EE6907F47}.Debug|Any CPU.ActiveCfg = Debug|Any CPU
		{C829E2D4-7AB5-403D-817F-C19EE6907F47}.Debug|Any CPU.Build.0 = Debug|Any CPU
		{C829E2D4-7AB5-403D-817F-C19EE6907F47}.Release|Any CPU.ActiveCfg = Release|Any CPU
		{C829E2D4-7AB5-403D-817F-C19EE6907F47}.Release|Any CPU.Build.0 = Release|Any CPU
		{5BFE272E-78EA-48D6-9B3A-DCFCD5BCF795}.Debug|Any CPU.ActiveCfg = Debug|Any CPU
		{5BFE272E-78EA-48D6-9B3A-DCFCD5BCF795}.Debug|Any CPU.Build.0 = Debug|Any CPU
		{5BFE272E-78EA-48D6-9B3A-DCFCD5BCF795}.Release|Any CPU.ActiveCfg = Release|Any CPU
		{5BFE272E-78EA-48D6-9B3A-DCFCD5BCF795}.Release|Any CPU.Build.0 = Release|Any CPU
		{0F28E7C7-16CD-4EAC-A367-91658D9B18ED}.Debug|Any CPU.ActiveCfg = Debug|Any CPU
		{0F28E7C7-16CD-4EAC-A367-91658D9B18ED}.Debug|Any CPU.Build.0 = Debug|Any CPU
		{0F28E7C7-16CD-4EAC-A367-91658D9B18ED}.Release|Any CPU.ActiveCfg = Release|Any CPU
		{0F28E7C7-16CD-4EAC-A367-91658D9B18ED}.Release|Any CPU.Build.0 = Release|Any CPU
		{AAF164A2-9B47-45B1-BAB8-C9021138B847}.Debug|Any CPU.ActiveCfg = Debug|Any CPU
		{AAF164A2-9B47-45B1-BAB8-C9021138B847}.Debug|Any CPU.Build.0 = Debug|Any CPU
		{AAF164A2-9B47-45B1-BAB8-C9021138B847}.Release|Any CPU.ActiveCfg = Release|Any CPU
		{AAF164A2-9B47-45B1-BAB8-C9021138B847}.Release|Any CPU.Build.0 = Release|Any CPU
	EndGlobalSection
	GlobalSection(SolutionProperties) = preSolution
		HideSolutionNode = FALSE
	EndGlobalSection
	GlobalSection(ExtensibilityGlobals) = postSolution
		SolutionGuid = {F09F869A-CEF7-4BDB-BF84-3C6A9AC116B0}
	EndGlobalSection
EndGlobal
